
Microsoft Visual Studio Solution File, Format Version 12.00
# Visual Studio Version 17
VisualStudioVersion = 17.5.002.0
MinimumVisualStudioVersion = 10.0.40219.1
Project("{9A19103F-16F7-4668-BE54-9A1E7A4F7556}") = "intro", "intro.csproj", "{DE476E8E-4D89-4C12-AFE0-EFECBE0F6BA1}"
EndProject
Global
	GlobalSection(SolutionConfigurationPlatforms) = preSolution
		Debug|Any CPU = Debug|Any CPU
		Release|Any CPU = Release|Any CPU
	EndGlobalSection
	GlobalSection(ProjectConfigurationPlatforms) = postSolution
		{DE476E8E-4D89-4C12-AFE0-EFECBE0F6BA1}.Debug|Any CPU.ActiveCfg = Debug|Any CPU
		{DE476E8E-4D89-4C12-AFE0-EFECBE0F6BA1}.Debug|Any CPU.Build.0 = Debug|Any CPU
		{DE476E8E-4D89-4C12-AFE0-EFECBE0F6BA1}.Release|Any CPU.ActiveCfg = Release|Any CPU
		{DE476E8E-4D89-4C12-AFE0-EFECBE0F6BA1}.Release|Any CPU.Build.0 = Release|Any CPU
	EndGlobalSection
	GlobalSection(SolutionProperties) = preSolution
		HideSolutionNode = FALSE
	EndGlobalSection
	GlobalSection(ExtensibilityGlobals) = postSolution
		SolutionGuid = {F9D20F23-AAFE-4A53-BCCD-A5B51FFB9085}
	EndGlobalSection
EndGlobal
