Microsoft Visual Studio Solution File, Format Version 12.00
# Visual Studio Version 17
VisualStudioVersion = 17.5.2.0
MinimumVisualStudioVersion = 10.0.40219.1
Project("{FAE04EC0-301F-11D3-BF4B-00C04F79EFBC}") = "dbmig", "dbmig.csproj", "{8413C2BB-B7C5-B2AE-4C45-5605D6327F5E}"
EndProject
Global
	GlobalSection(SolutionConfigurationPlatforms) = preSolution
		Debug|Any CPU = Debug|Any CPU
		Release|Any CPU = Release|Any CPU
	EndGlobalSection
	GlobalSection(ProjectConfigurationPlatforms) = postSolution
		{8413C2BB-B7C5-B2AE-4C45-5605D6327F5E}.Debug|Any CPU.ActiveCfg = Debug|Any CPU
		{8413C2BB-B7C5-B2AE-4C45-5605D6327F5E}.Debug|Any CPU.Build.0 = Debug|Any CPU
		{8413C2BB-B7C5-B2AE-4C45-5605D6327F5E}.Release|Any CPU.ActiveCfg = Release|Any CPU
		{8413C2BB-B7C5-B2AE-4C45-5605D6327F5E}.Release|Any CPU.Build.0 = Release|Any CPU
	EndGlobalSection
	GlobalSection(SolutionProperties) = preSolution
		HideSolutionNode = FALSE
	EndGlobalSection
	GlobalSection(ExtensibilityGlobals) = postSolution
		SolutionGuid = {806472DA-DA25-476A-B6E0-95AD34A91D04}
	EndGlobalSection
EndGlobal
